<?xml version="1.0" encoding="utf-8"?>
<Project ToolsVersion="4.0" xmlns="http://schemas.microsoft.com/developer/msbuild/2003">
  <ItemGroup>
    <ClInclude Include="pch.h" />
    <ClInclude Include="android_native_app_glue.h" />
    <ClInclude Include="Receiver.h">
      <Filter>Network</Filter>
    </ClInclude>
    <ClInclude Include="BitmapQueue.h">
      <Filter>Queue</Filter>
    </ClInclude>
    <ClInclude Include="lz4.h">
      <Filter>Codec</Filter>
    </ClInclude>
  </ItemGroup>
  <ItemGroup>
    <ClCompile Include="android_native_app_glue.c" />
    <ClCompile Include="main.cpp" />
    <ClCompile Include="Receiver.cpp">
      <Filter>Network</Filter>
    </ClCompile>
    <ClCompile Include="BitmapQueue.cpp">
      <Filter>Queue</Filter>
    </ClCompile>
    <ClCompile Include="lz4.cpp">
      <Filter>Codec</Filter>
    </ClCompile>
  </ItemGroup>
  <ItemGroup>
    <Filter Include="Network">
      <UniqueIdentifier>{c048c773-1ed2-4025-95ff-78fa651ac4cc}</UniqueIdentifier>
    </Filter>
    <Filter Include="Queue">
      <UniqueIdentifier>{75466907-53ba-4aa0-9c46-b4cfbce4a180}</UniqueIdentifier>
    </Filter>
    <Filter Include="Codec">
      <UniqueIdentifier>{4a1717f0-fd46-4f26-9e17-86d2f1fcf90a}</UniqueIdentifier>
    </Filter>
  </ItemGroup>
</Project>